
Microsoft Visual Studio Solution File, Format Version 12.00
# Visual Studio Version 16
VisualStudioVersion = 16.0.32002.261
MinimumVisualStudioVersion = 10.0.40219.1
Project("{FAE04EC0-301F-11D3-BF4B-00C04F79EFBC}") = "PiggyBankAdmin", "PiggyBankAdmin\PiggyBankAdmin.csproj", "{591B78C7-1E4C-4929-A25D-7F77A82F8418}"
EndProject
Project("{FAE04EC0-301F-11D3-BF4B-00C04F79EFBC}") = "UnitTest", "UnitTest\UnitTest.csproj", "{C9D385F2-B305-4180-A90D-3FF76B3CACCF}"
EndProject
Global
	GlobalSection(SolutionConfigurationPlatforms) = preSolution
		Debug|Any CPU = Debug|Any CPU
		Release|Any CPU = Release|Any CPU
	EndGlobalSection
	GlobalSection(ProjectConfigurationPlatforms) = postSolution
		{591B78C7-1E4C-4929-A25D-7F77A82F8418}.Debug|Any CPU.ActiveCfg = Debug|Any CPU
		{591B78C7-1E4C-4929-A25D-7F77A82F8418}.Debug|Any CPU.Build.0 = Debug|Any CPU
		{591B78C7-1E4C-4929-A25D-7F77A82F8418}.Release|Any CPU.ActiveCfg = Release|Any CPU
		{591B78C7-1E4C-4929-A25D-7F77A82F8418}.Release|Any CPU.Build.0 = Release|Any CPU
		{C9D385F2-B305-4180-A90D-3FF76B3CACCF}.Debug|Any CPU.ActiveCfg = Debug|Any CPU
		{C9D385F2-B305-4180-A90D-3FF76B3CACCF}.Debug|Any CPU.Build.0 = Debug|Any CPU
		{C9D385F2-B305-4180-A90D-3FF76B3CACCF}.Release|Any CPU.ActiveCfg = Release|Any CPU
		{C9D385F2-B305-4180-A90D-3FF76B3CACCF}.Release|Any CPU.Build.0 = Release|Any CPU
	EndGlobalSection
	GlobalSection(SolutionProperties) = preSolution
		HideSolutionNode = FALSE
	EndGlobalSection
	GlobalSection(ExtensibilityGlobals) = postSolution
		SolutionGuid = {13E67EA3-25A5-4A95-B211-6141DAB2C3AE}
	EndGlobalSection
EndGlobal
